Microsoft Visual Studio Solution File, Format Version 12.00
# Visual Studio Version 17
VisualStudioVersion = 17.5.2.0
MinimumVisualStudioVersion = 10.0.40219.1
Project("{FAE04EC0-301F-11D3-BF4B-00C04F79EFBC}") = "ClassInformationSystem", "ClassInformationSystem\ClassInformationSystem.csproj", "{0223DF37-DAEB-BE84-D3FB-616047502F1F}"
EndProject
Global
	GlobalSection(SolutionConfigurationPlatforms) = preSolution
		Debug|Any CPU = Debug|Any CPU
		Release|Any CPU = Release|Any CPU
	EndGlobalSection
	GlobalSection(ProjectConfigurationPlatforms) = postSolution
		{0223DF37-DAEB-BE84-D3FB-616047502F1F}.Debug|Any CPU.ActiveCfg = Debug|Any CPU
		{0223DF37-DAEB-BE84-D3FB-616047502F1F}.Debug|Any CPU.Build.0 = Debug|Any CPU
		{0223DF37-DAEB-BE84-D3FB-616047502F1F}.Release|Any CPU.ActiveCfg = Release|Any CPU
		{0223DF37-DAEB-BE84-D3FB-616047502F1F}.Release|Any CPU.Build.0 = Release|Any CPU
	EndGlobalSection
	GlobalSection(SolutionProperties) = preSolution
		HideSolutionNode = FALSE
	EndGlobalSection
	GlobalSection(ExtensibilityGlobals) = postSolution
		SolutionGuid = {C640310B-9BC0-4321-BECE-245B6C7F0BDC}
	EndGlobalSection
EndGlobal
